
Microsoft Visual Studio Solution File, Format Version 12.00
# Visual Studio Version 16
VisualStudioVersion = 16.0.29409.12
MinimumVisualStudioVersion = 10.0.40219.1
Project("{FAE04EC0-301F-11D3-BF4B-00C04F79EFBC}") = "CRUD con SQLite", "CRUD con SQLite\CRUD con SQLite.csproj", "{83985F0D-12C8-4E40-B756-2E6DC6A924AD}"
EndProject
Global
	GlobalSection(SolutionConfigurationPlatforms) = preSolution
		Debug|Any CPU = Debug|Any CPU
		Release|Any CPU = Release|Any CPU
	EndGlobalSection
	GlobalSection(ProjectConfigurationPlatforms) = postSolution
		{83985F0D-12C8-4E40-B756-2E6DC6A924AD}.Debug|Any CPU.ActiveCfg = Debug|Any CPU
		{83985F0D-12C8-4E40-B756-2E6DC6A924AD}.Debug|Any CPU.Build.0 = Debug|Any CPU
		{83985F0D-12C8-4E40-B756-2E6DC6A924AD}.Release|Any CPU.ActiveCfg = Release|Any CPU
		{83985F0D-12C8-4E40-B756-2E6DC6A924AD}.Release|Any CPU.Build.0 = Release|Any CPU
	EndGlobalSection
	GlobalSection(SolutionProperties) = preSolution
		HideSolutionNode = FALSE
	EndGlobalSection
	GlobalSection(ExtensibilityGlobals) = postSolution
		SolutionGuid = {48C7B737-2A65-4E62-81AA-618005EE5160}
	EndGlobalSection
EndGlobal
